// !$*UTF8*$!
{
	archiveVersion = 1;
	classes = {
	};
	objectVersion = 50;
	objects = {

/* Begin PBXBuildFile section */
		4C23E2842725881F0067150B /* AppDelegate.swift in Sources */ = {isa = PBXBuildFile; fileRef = 4C23E2832725881F0067150B /* AppDelegate.swift */; };
		4C23E2862725881F0067150B /* SceneDelegate.swift in Sources */ = {isa = PBXBuildFile; fileRef = 4C23E2852725881F0067150B /* SceneDelegate.swift */; };
		4C23E2882725881F0067150B /* ContentView.swift in Sources */ = {isa = PBXBuildFile; fileRef = 4C23E2872725881F0067150B /* ContentView.swift */; };
		4C23E28A272588210067150B /* Assets.xcassets in Resources */ = {isa = PBXBuildFile; fileRef = 4C23E289272588210067150B /* Assets.xcassets */; };
		4C23E28D272588210067150B /* Preview Assets.xcassets in Resources */ = {isa = PBXBuildFile; fileRef = 4C23E28C272588210067150B /* Preview Assets.xcassets */; };
		4C23E290272588210067150B /* LaunchScreen.storyboard in Resources */ = {isa = PBXBuildFile; fileRef = 4C23E28E272588210067150B /* LaunchScreen.storyboard */; };
		4C23E29B272588220067150B /* TestWebkitWebviewTests.swift in Sources */ = {isa = PBXBuildFile; fileRef = 4C23E29A272588220067150B /* TestWebkitWebviewTests.swift */; };
		4C23E2A6272588220067150B /* TestWebkitWebviewUITests.swift in Sources */ = {isa = PBXBuildFile; fileRef = 4C23E2A5272588220067150B /* TestWebkitWebviewUITests.swift */; };
		9892D718275A46E6008B5AE1 /* MluviiChat.framework in Frameworks */ = {isa = PBXBuildFile; fileRef = 4CFBBD5727284D1E00917BD7 /* MluviiChat.framework */; };
		9892D719275A46E6008B5AE1 /* MluviiChat.framework in Embed Frameworks */ = {isa = PBXBuildFile; fileRef = 4CFBBD5727284D1E00917BD7 /* MluviiChat.framework */; settings = {ATTRIBUTES = (RemoveHeadersOnCopy, ); }; };
/* End PBXBuildFile section */

/* Begin PBXContainerItemProxy section */
		4C23E297272588220067150B /* PBXContainerItemProxy */ = {
			isa = PBXContainerItemProxy;
			containerPortal = 4C23E2782725881F0067150B /* Project object */;
			proxyType = 1;
			remoteGlobalIDString = 4C23E27F2725881F0067150B;
			remoteInfo = TestWebkitWebview;
		};
		4C23E2A2272588220067150B /* PBXContainerItemProxy */ = {
			isa = PBXContainerItemProxy;
			containerPortal = 4C23E2782725881F0067150B /* Project object */;
			proxyType = 1;
			remoteGlobalIDString = 4C23E27F2725881F0067150B;
			remoteInfo = TestWebkitWebview;
		};
/* End PBXContainerItemProxy section */

/* Begin PBXCopyFilesBuildPhase section */
		4C23E2C7272588900067150B /* Embed Frameworks */ = {
			isa = PBXCopyFilesBuildPhase;
			buildActionMask = 2147483647;
			dstPath = "";
			dstSubfolderSpec = 10;
			files = (
				9892D719275A46E6008B5AE1 /* MluviiChat.framework in Embed Frameworks */,
			);
			name = "Embed Frameworks";
			runOnlyForDeploymentPostprocessing = 0;
		};
/* End PBXCopyFilesBuildPhase section */

/* Begin PBXFileReference section */
		4C23E2802725881F0067150B /* TestWebkitWebview.app */ = {isa = PBXFileReference; explicitFileType = wrapper.application; includeInIndex = 0; path = TestWebkitWebview.app; sourceTree = BUILT_PRODUCTS_DIR; };
		4C23E2832725881F0067150B /* AppDelegate.swift */ = {isa = PBXFileReference; lastKnownFileType = sourcecode.swift; path = AppDelegate.swift; sourceTree = "<group>"; };
		4C23E2852725881F0067150B /* SceneDelegate.swift */ = {isa = PBXFileReference; lastKnownFileType = sourcecode.swift; path = SceneDelegate.swift; sourceTree = "<group>"; };
		4C23E2872725881F0067150B /* ContentView.swift */ = {isa = PBXFileReference; lastKnownFileType = sourcecode.swift; path = ContentView.swift; sourceTree = "<group>"; };
		4C23E289272588210067150B /* Assets.xcassets */ = {isa = PBXFileReference; lastKnownFileType = folder.assetcatalog; path = Assets.xcassets; sourceTree = "<group>"; };
		4C23E28C272588210067150B /* Preview Assets.xcassets */ = {isa = PBXFileReference; lastKnownFileType = folder.assetcatalog; path = "Preview Assets.xcassets"; sourceTree = "<group>"; };
		4C23E28F272588210067150B /* Base */ = {isa = PBXFileReference; lastKnownFileType = file.storyboard; name = Base; path = Base.lproj/LaunchScreen.storyboard; sourceTree = "<group>"; };
		4C23E291272588210067150B /* Info.plist */ = {isa = PBXFileReference; lastKnownFileType = text.plist.xml; path = Info.plist; sourceTree = "<group>"; };
		4C23E296272588220067150B /* TestWebkitWebviewTests.xctest */ = {isa = PBXFileReference; explicitFileType = wrapper.cfbundle; includeInIndex = 0; path = TestWebkitWebviewTests.xctest; sourceTree = BUILT_PRODUCTS_DIR; };
		4C23E29A272588220067150B /* TestWebkitWebviewTests.swift */ = {isa = PBXFileReference; lastKnownFileType = sourcecode.swift; path = TestWebkitWebviewTests.swift; sourceTree = "<group>"; };
		4C23E29C272588220067150B /* Info.plist */ = {isa = PBXFileReference; lastKnownFileType = text.plist.xml; path = Info.plist; sourceTree = "<group>"; };
		4C23E2A1272588220067150B /* TestWebkitWebviewUITests.xctest */ = {isa = PBXFileReference; explicitFileType = wrapper.cfbundle; includeInIndex = 0; path = TestWebkitWebviewUITests.xctest; sourceTree = BUILT_PRODUCTS_DIR; };
		4C23E2A5272588220067150B /* TestWebkitWebviewUITests.swift */ = {isa = PBXFileReference; lastKnownFileType = sourcecode.swift; path = TestWebkitWebviewUITests.swift; sourceTree = "<group>"; };
		4C23E2A7272588220067150B /* Info.plist */ = {isa = PBXFileReference; lastKnownFileType = text.plist.xml; path = Info.plist; sourceTree = "<group>"; };
		4CFBBD5727284D1E00917BD7 /* MluviiChat.framework */ = {isa = PBXFileReference; lastKnownFileType = wrapper.framework; path = MluviiChat.framework; sourceTree = "<group>"; };
/* End PBXFileReference section */

/* Begin PBXFrameworksBuildPhase section */
		4C23E27D2725881F0067150B /* Frameworks */ = {
			isa = PBXFrameworksBuildPhase;
			buildActionMask = 2147483647;
			files = (
				9892D718275A46E6008B5AE1 /* MluviiChat.framework in Frameworks */,
			);
			runOnlyForDeploymentPostprocessing = 0;
		};
		4C23E293272588220067150B /* Frameworks */ = {
			isa = PBXFrameworksBuildPhase;
			buildActionMask = 2147483647;
			files = (
			);
			runOnlyForDeploymentPostprocessing = 0;
		};
		4C23E29E272588220067150B /* Frameworks */ = {
			isa = PBXFrameworksBuildPhase;
			buildActionMask = 2147483647;
			files = (
			);
			runOnlyForDeploymentPostprocessing = 0;
		};
/* End PBXFrameworksBuildPhase section */

/* Begin PBXGroup section */
		4C23E2772725881F0067150B = {
			isa = PBXGroup;
			children = (
				4C23E2822725881F0067150B /* TestWebkitWebview */,
				4C23E299272588220067150B /* TestWebkitWebviewTests */,
				4C23E2A4272588220067150B /* TestWebkitWebviewUITests */,
				4C23E2812725881F0067150B /* Products */,
				4CF1D050272842E500C776E4 /* Frameworks */,
			);
			sourceTree = "<group>";
		};
		4C23E2812725881F0067150B /* Products */ = {
			isa = PBXGroup;
			children = (
				4C23E2802725881F0067150B /* TestWebkitWebview.app */,
				4C23E296272588220067150B /* TestWebkitWebviewTests.xctest */,
				4C23E2A1272588220067150B /* TestWebkitWebviewUITests.xctest */,
			);
			name = Products;
			sourceTree = "<group>";
		};
		4C23E2822725881F0067150B /* TestWebkitWebview */ = {
			isa = PBXGroup;
			children = (
				4C23E2832725881F0067150B /* AppDelegate.swift */,
				4C23E2852725881F0067150B /* SceneDelegate.swift */,
				4C23E2872725881F0067150B /* ContentView.swift */,
				4C23E289272588210067150B /* Assets.xcassets */,
				4C23E28E272588210067150B /* LaunchScreen.storyboard */,
				4C23E291272588210067150B /* Info.plist */,
				4C23E28B272588210067150B /* Preview Content */,
			);
			path = TestWebkitWebview;
			sourceTree = "<group>";
		};
		4C23E28B272588210067150B /* Preview Content */ = {
			isa = PBXGroup;
			children = (
				4C23E28C272588210067150B /* Preview Assets.xcassets */,
			);
			path = "Preview Content";
			sourceTree = "<group>";
		};
		4C23E299272588220067150B /* TestWebkitWebviewTests */ = {
			isa = PBXGroup;
			children = (
				4C23E29A272588220067150B /* TestWebkitWebviewTests.swift */,
				4C23E29C272588220067150B /* Info.plist */,
			);
			path = TestWebkitWebviewTests;
			sourceTree = "<group>";
		};
		4C23E2A4272588220067150B /* TestWebkitWebviewUITests */ = {
			isa = PBXGroup;
			children = (
				4C23E2A5272588220067150B /* TestWebkitWebviewUITests.swift */,
				4C23E2A7272588220067150B /* Info.plist */,
			);
			path = TestWebkitWebviewUITests;
			sourceTree = "<group>";
		};
		4CF1D050272842E500C776E4 /* Frameworks */ = {
			isa = PBXGroup;
			children = (
				4CFBBD5727284D1E00917BD7 /* MluviiChat.framework */,
			);
			name = Frameworks;
			sourceTree = "<group>";
		};
/* End PBXGroup section */

/* Begin PBXNativeTarget section */
		4C23E27F2725881F0067150B /* TestWebkitWebview */ = {
			isa = PBXNativeTarget;
			buildConfigurationList = 4C23E2AA272588220067150B /* Build configuration list for PBXNativeTarget "TestWebkitWebview" */;
			buildPhases = (
				4C23E27C2725881F0067150B /* Sources */,
				4C23E27D2725881F0067150B /* Frameworks */,
				4C23E27E2725881F0067150B /* Resources */,
				4C23E2C7272588900067150B /* Embed Frameworks */,
			);
			buildRules = (
			);
			dependencies = (
			);
			name = TestWebkitWebview;
			productName = TestWebkitWebview;
			productReference = 4C23E2802725881F0067150B /* TestWebkitWebview.app */;
			productType = "com.apple.product-type.application";
		};
		4C23E295272588220067150B /* TestWebkitWebviewTests */ = {
			isa = PBXNativeTarget;
			buildConfigurationList = 4C23E2AD272588220067150B /* Build configuration list for PBXNativeTarget "TestWebkitWebviewTests" */;
			buildPhases = (
				4C23E292272588220067150B /* Sources */,
				4C23E293272588220067150B /* Frameworks */,
				4C23E294272588220067150B /* Resources */,
			);
			buildRules = (
			);
			dependencies = (
				4C23E298272588220067150B /* PBXTargetDependency */,
			);
			name = TestWebkitWebviewTests;
			productName = TestWebkitWebviewTests;
			productReference = 4C23E296272588220067150B /* TestWebkitWebviewTests.xctest */;
			productType = "com.apple.product-type.bundle.unit-test";
		};
		4C23E2A0272588220067150B /* TestWebkitWebviewUITests */ = {
			isa = PBXNativeTarget;
			buildConfigurationList = 4C23E2B0272588220067150B /* Build configuration list for PBXNativeTarget "TestWebkitWebviewUITests" */;
			buildPhases = (
				4C23E29D272588220067150B /* Sources */,
				4C23E29E272588220067150B /* Frameworks */,
				4C23E29F272588220067150B /* Resources */,
			);
			buildRules = (
			);
			dependencies = (
				4C23E2A3272588220067150B /* PBXTargetDependency */,
			);
			name = TestWebkitWebviewUITests;
			productName = TestWebkitWebviewUITests;
			productReference = 4C23E2A1272588220067150B /* TestWebkitWebviewUITests.xctest */;
			productType = "com.apple.product-type.bundle.ui-testing";
		};
/* End PBXNativeTarget section */

/* Begin PBXProject section */
		4C23E2782725881F0067150B /* Project object */ = {
			isa = PBXProject;
			attributes = {
				LastSwiftUpdateCheck = 1240;
				LastUpgradeCheck = 1240;
				TargetAttributes = {
					4C23E27F2725881F0067150B = {
						CreatedOnToolsVersion = 12.4;
					};
					4C23E295272588220067150B = {
						CreatedOnToolsVersion = 12.4;
						TestTargetID = 4C23E27F2725881F0067150B;
					};
					4C23E2A0272588220067150B = {
						CreatedOnToolsVersion = 12.4;
						TestTargetID = 4C23E27F2725881F0067150B;
					};
				};
			};
			buildConfigurationList = 4C23E27B2725881F0067150B /* Build configuration list for PBXProject "TestWebkitWebview" */;
			compatibilityVersion = "Xcode 9.3";
			developmentRegion = en;
			hasScannedForEncodings = 0;
			knownRegions = (
				en,
				Base,
			);
			mainGroup = 4C23E2772725881F0067150B;
			productRefGroup = 4C23E2812725881F0067150B /* Products */;
			projectDirPath = "";
			projectRoot = "";
			targets = (
				4C23E27F2725881F0067150B /* TestWebkitWebview */,
				4C23E295272588220067150B /* TestWebkitWebviewTests */,
				4C23E2A0272588220067150B /* TestWebkitWebviewUITests */,
			);
		};
/* End PBXProject section */

/* Begin PBXResourcesBuildPhase section */
		4C23E27E2725881F0067150B /* Resources */ = {
			isa = PBXResourcesBuildPhase;
			buildActionMask = 2147483647;
			files = (
				4C23E290272588210067150B /* LaunchScreen.storyboard in Resources */,
				4C23E28D272588210067150B /* Preview Assets.xcassets in Resources */,
				4C23E28A272588210067150B /* Assets.xcassets in Resources */,
			);
			runOnlyForDeploymentPostprocessing = 0;
		};
		4C23E294272588220067150B /* Resources */ = {
			isa = PBXResourcesBuildPhase;
			buildActionMask = 2147483647;
			files = (
			);
			runOnlyForDeploymentPostprocessing = 0;
		};
		4C23E29F272588220067150B /* Resources */ = {
			isa = PBXResourcesBuildPhase;
			buildActionMask = 2147483647;
			files = (
			);
			runOnlyForDeploymentPostprocessing = 0;
		};
/* End PBXResourcesBuildPhase section */

/* Begin PBXSourcesBuildPhase section */
		4C23E27C2725881F0067150B /* Sources */ = {
			isa = PBXSourcesBuildPhase;
			buildActionMask = 2147483647;
			files = (
				4C23E2842725881F0067150B /* AppDelegate.swift in Sources */,
				4C23E2862725881F0067150B /* SceneDelegate.swift in Sources */,
				4C23E2882725881F0067150B /* ContentView.swift in Sources */,
			);
			runOnlyForDeploymentPostprocessing = 0;
		};
		4C23E292272588220067150B /* Sources */ = {
			isa = PBXSourcesBuildPhase;
			buildActionMask = 2147483647;
			files = (
				4C23E29B272588220067150B /* TestWebkitWebviewTests.swift in Sources */,
			);
			runOnlyForDeploymentPostprocessing = 0;
		};
		4C23E29D272588220067150B /* Sources */ = {
			isa = PBXSourcesBuildPhase;
			buildActionMask = 2147483647;
			files = (
				4C23E2A6272588220067150B /* TestWebkitWebviewUITests.swift in Sources */,
			);
			runOnlyForDeploymentPostprocessing = 0;
		};
/* End PBXSourcesBuildPhase section */

/* Begin PBXTargetDependency section */
		4C23E298272588220067150B /* PBXTargetDependency */ = {
			isa = PBXTargetDependency;
			target = 4C23E27F2725881F0067150B /* TestWebkitWebview */;
			targetProxy = 4C23E297272588220067150B /* PBXContainerItemProxy */;
		};
		4C23E2A3272588220067150B /* PBXTargetDependency */ = {
			isa = PBXTargetDependency;
			target = 4C23E27F2725881F0067150B /* TestWebkitWebview */;
			targetProxy = 4C23E2A2272588220067150B /* PBXContainerItemProxy */;
		};
/* End PBXTargetDependency section */

/* Begin PBXVariantGroup section */
		4C23E28E272588210067150B /* LaunchScreen.storyboard */ = {
			isa = PBXVariantGroup;
			children = (
				4C23E28F272588210067150B /* Base */,
			);
			name = LaunchScreen.storyboard;
			sourceTree = "<group>";
		};
/* End PBXVariantGroup section */

/* Begin XCBuildConfiguration section */
		4C23E2A8272588220067150B /* Debug */ = {
			isa = XCBuildConfiguration;
			buildSettings = {
				ALWAYS_SEARCH_USER_PATHS = NO;
				CLANG_ANALYZER_NONNULL = YES;
				CLANG_ANALYZER_NUMBER_OBJECT_CONVERSION = YES_AGGRESSIVE;
				CLANG_CXX_LANGUAGE_STANDARD = "gnu++14";
				CLANG_CXX_LIBRARY = "libc++";
				CLANG_ENABLE_MODULES = YES;
				CLANG_ENABLE_OBJC_ARC = YES;
				CLANG_ENABLE_OBJC_WEAK = YES;
				CLANG_WARN_BLOCK_CAPTURE_AUTORELEASING = YES;
				CLANG_WARN_BOOL_CONVERSION = YES;
				CLANG_WARN_COMMA = YES;
				CLANG_WARN_CONSTANT_CONVERSION = YES;
				CLANG_WARN_DEPRECATED_OBJC_IMPLEMENTATIONS = YES;
				CLANG_WARN_DIRECT_OBJC_ISA_USAGE = YES_ERROR;
				CLANG_WARN_DOCUMENTATION_COMMENTS = YES;
				CLANG_WARN_EMPTY_BODY = YES;
				CLANG_WARN_ENUM_CONVERSION = YES;
				CLANG_WARN_INFINITE_RECURSION = YES;
				CLANG_WARN_INT_CONVERSION = YES;
				CLANG_WARN_NON_LITERAL_NULL_CONVERSION = YES;
				CLANG_WARN_OBJC_IMPLICIT_RETAIN_SELF = YES;
				CLANG_WARN_OBJC_LITERAL_CONVERSION = YES;
				CLANG_WARN_OBJC_ROOT_CLASS = YES_ERROR;
				CLANG_WARN_QUOTED_INCLUDE_IN_FRAMEWORK_HEADER = YES;
				CLANG_WARN_RANGE_LOOP_ANALYSIS = YES;
				CLANG_WARN_STRICT_PROTOTYPES = YES;
				CLANG_WARN_SUSPICIOUS_MOVE = YES;
				CLANG_WARN_UNGUARDED_AVAILABILITY = YES_AGGRESSIVE;
				CLANG_WARN_UNREACHABLE_CODE = YES;
				CLANG_WARN__DUPLICATE_METHOD_MATCH = YES;
				COPY_PHASE_STRIP = NO;
				DEBUG_INFORMATION_FORMAT = dwarf;
				ENABLE_STRICT_OBJC_MSGSEND = YES;
				ENABLE_TESTABILITY = YES;
				GCC_C_LANGUAGE_STANDARD = gnu11;
				GCC_DYNAMIC_NO_PIC = NO;
				GCC_NO_COMMON_BLOCKS = YES;
				GCC_OPTIMIZATION_LEVEL = 0;
				GCC_PREPROCESSOR_DEFINITIONS = (
					"DEBUG=1",
					"$(inherited)",
				);
				GCC_WARN_64_TO_32_BIT_CONVERSION = YES;
				GCC_WARN_ABOUT_RETURN_TYPE = YES_ERROR;
				GCC_WARN_UNDECLARED_SELECTOR = YES;
				GCC_WARN_UNINITIALIZED_AUTOS = YES_AGGRESSIVE;
				GCC_WARN_UNUSED_FUNCTION = YES;
				GCC_WARN_UNUSED_VARIABLE = YES;
				IPHONEOS_DEPLOYMENT_TARGET = 13.0;
				MTL_ENABLE_DEBUG_INFO = INCLUDE_SOURCE;
				MTL_FAST_MATH = YES;
				ONLY_ACTIVE_ARCH = YES;
				SDKROOT = iphoneos;
				SWIFT_ACTIVE_COMPILATION_CONDITIONS = DEBUG;
				SWIFT_OPTIMIZATION_LEVEL = "-Onone";
			};
			name = Debug;
		};
		4C23E2A9272588220067150B /* Release */ = {
			isa = XCBuildConfiguration;
			buildSettings = {
				ALWAYS_SEARCH_USER_PATHS = NO;
				CLANG_ANALYZER_NONNULL = YES;
				CLANG_ANALYZER_NUMBER_OBJECT_CONVERSION = YES_AGGRESSIVE;
				CLANG_CXX_LANGUAGE_STANDARD = "gnu++14";
				CLANG_CXX_LIBRARY = "libc++";
				CLANG_ENABLE_MODULES = YES;
				CLANG_ENABLE_OBJC_ARC = YES;
				CLANG_ENABLE_OBJC_WEAK = YES;
				CLANG_WARN_BLOCK_CAPTURE_AUTORELEASING = YES;
				CLANG_WARN_BOOL_CONVERSION = YES;
				CLANG_WARN_COMMA = YES;
				CLANG_WARN_CONSTANT_CONVERSION = YES;
				CLANG_WARN_DEPRECATED_OBJC_IMPLEMENTATIONS = YES;
				CLANG_WARN_DIRECT_OBJC_ISA_USAGE = YES_ERROR;
				CLANG_WARN_DOCUMENTATION_COMMENTS = YES;
				CLANG_WARN_EMPTY_BODY = YES;
				CLANG_WARN_ENUM_CONVERSION = YES;
				CLANG_WARN_INFINITE_RECURSION = YES;
				CLANG_WARN_INT_CONVERSION = YES;
				CLANG_WARN_NON_LITERAL_NULL_CONVERSION = YES;
				CLANG_WARN_OBJC_IMPLICIT_RETAIN_SELF = YES;
				CLANG_WARN_OBJC_LITERAL_CONVERSION = YES;
				CLANG_WARN_OBJC_ROOT_CLASS = YES_ERROR;
				CLANG_WARN_QUOTED_INCLUDE_IN_FRAMEWORK_HEADER = YES;
				CLANG_WARN_RANGE_LOOP_ANALYSIS = YES;
				CLANG_WARN_STRICT_PROTOTYPES = YES;
				CLANG_WARN_SUSPICIOUS_MOVE = YES;
				CLANG_WARN_UNGUARDED_AVAILABILITY = YES_AGGRESSIVE;
				CLANG_WARN_UNREACHABLE_CODE = YES;
				CLANG_WARN__DUPLICATE_METHOD_MATCH = YES;
				COPY_PHASE_STRIP = NO;
				DEBUG_INFORMATION_FORMAT = "dwarf-with-dsym";
				ENABLE_NS_ASSERTIONS = NO;
				ENABLE_STRICT_OBJC_MSGSEND = YES;
				GCC_C_LANGUAGE_STANDARD = gnu11;
				GCC_NO_COMMON_BLOCKS = YES;
				GCC_WARN_64_TO_32_BIT_CONVERSION = YES;
				GCC_WARN_ABOUT_RETURN_TYPE = YES_ERROR;
				GCC_WARN_UNDECLARED_SELECTOR = YES;
				GCC_WARN_UNINITIALIZED_AUTOS = YES_AGGRESSIVE;
				GCC_WARN_UNUSED_FUNCTION = YES;
				GCC_WARN_UNUSED_VARIABLE = YES;
				IPHONEOS_DEPLOYMENT_TARGET = 13.0;
				MTL_ENABLE_DEBUG_INFO = NO;
				MTL_FAST_MATH = YES;
				SDKROOT = iphoneos;
				SWIFT_COMPILATION_MODE = wholemodule;
				SWIFT_OPTIMIZATION_LEVEL = "-O";
				VALIDATE_PRODUCT = YES;
			};
			name = Release;
		};
		4C23E2AB272588220067150B /* Debug */ = {
			isa = XCBuildConfiguration;
			buildSettings = {
				ASSETCATALOG_COMPILER_APPICON_NAME = AppIcon;
				ASSETCATALOG_COMPILER_GLOBAL_ACCENT_COLOR_NAME = AccentColor;
				CODE_SIGN_IDENTITY = "Apple Development";
				CODE_SIGN_STYLE = Automatic;
				DEVELOPMENT_ASSET_PATHS = "\"TestWebkitWebview/Preview Content\"";
				DEVELOPMENT_TEAM = 7EVNF4JC87;
				ENABLE_PREVIEWS = YES;
				FRAMEWORK_SEARCH_PATHS = (
					"$(inherited)",
					"$(PROJECT_DIR)",
				);
				INFOPLIST_FILE = TestWebkitWebview/Info.plist;
				IPHONEOS_DEPLOYMENT_TARGET = 13.0;
				LD_RUNPATH_SEARCH_PATHS = (
					"$(inherited)",
					"@executable_path/Frameworks",
				);
				PRODUCT_BUNDLE_IDENTIFIER = com.mluvii.TestWebkitWebview;
				PRODUCT_NAME = "$(TARGET_NAME)";
				PROVISIONING_PROFILE_SPECIFIER = "";
				SWIFT_VERSION = 5.0;
				TARGETED_DEVICE_FAMILY = "1,2";
			};
			name = Debug;
		};
		4C23E2AC272588220067150B /* Release */ = {
			isa = XCBuildConfiguration;
			buildSettings = {
				ASSETCATALOG_COMPILER_APPICON_NAME = AppIcon;
				ASSETCATALOG_COMPILER_GLOBAL_ACCENT_COLOR_NAME = AccentColor;
				CODE_SIGN_IDENTITY = "Apple Development";
				CODE_SIGN_STYLE = Automatic;
				DEVELOPMENT_ASSET_PATHS = "\"TestWebkitWebview/Preview Content\"";
				DEVELOPMENT_TEAM = 7EVNF4JC87;
				ENABLE_PREVIEWS = YES;
				FRAMEWORK_SEARCH_PATHS = (
					"$(inherited)",
					"$(PROJECT_DIR)",
				);
				INFOPLIST_FILE = TestWebkitWebview/Info.plist;
				IPHONEOS_DEPLOYMENT_TARGET = 13.0;
				LD_RUNPATH_SEARCH_PATHS = (
					"$(inherited)",
					"@executable_path/Frameworks",
				);
				PRODUCT_BUNDLE_IDENTIFIER = com.mluvii.TestWebkitWebview;
				PRODUCT_NAME = "$(TARGET_NAME)";
				PROVISIONING_PROFILE_SPECIFIER = "";
				SWIFT_VERSION = 5.0;
				TARGETED_DEVICE_FAMILY = "1,2";
			};
			name = Release;
		};
		4C23E2AE272588220067150B /* Debug */ = {
			isa = XCBuildConfiguration;
			buildSettings = {
				ALWAYS_EMBED_SWIFT_STANDARD_LIBRARIES = YES;
				BUNDLE_LOADER = "$(TEST_HOST)";
				CODE_SIGN_STYLE = Automatic;
				INFOPLIST_FILE = TestWebkitWebviewTests/Info.plist;
				IPHONEOS_DEPLOYMENT_TARGET = 14.4;
				LD_RUNPATH_SEARCH_PATHS = (
					"$(inherited)",
					"@executable_path/Frameworks",
					"@loader_path/Frameworks",
				);
				PRODUCT_BUNDLE_IDENTIFIER = com.ios.TestWebkitWebviewTests;
				PRODUCT_NAME = "$(TARGET_NAME)";
				SWIFT_VERSION = 5.0;
				TARGETED_DEVICE_FAMILY = "1,2";
				TEST_HOST = "$(BUILT_PRODUCTS_DIR)/TestWebkitWebview.app/TestWebkitWebview";
			};
			name = Debug;
		};
		4C23E2AF272588220067150B /* Release */ = {
			isa = XCBuildConfiguration;
			buildSettings = {
				ALWAYS_EMBED_SWIFT_STANDARD_LIBRARIES = YES;
				BUNDLE_LOADER = "$(TEST_HOST)";
				CODE_SIGN_STYLE = Automatic;
				INFOPLIST_FILE = TestWebkitWebviewTests/Info.plist;
				IPHONEOS_DEPLOYMENT_TARGET = 14.4;
				LD_RUNPATH_SEARCH_PATHS = (
					"$(inherited)",
					"@executable_path/Frameworks",
					"@loader_path/Frameworks",
				);
				PRODUCT_BUNDLE_IDENTIFIER = com.ios.TestWebkitWebviewTests;
				PRODUCT_NAME = "$(TARGET_NAME)";
				SWIFT_VERSION = 5.0;
				TARGETED_DEVICE_FAMILY = "1,2";
				TEST_HOST = "$(BUILT_PRODUCTS_DIR)/TestWebkitWebview.app/TestWebkitWebview";
			};
			name = Release;
		};
		4C23E2B1272588220067150B /* Debug */ = {
			isa = XCBuildConfiguration;
			buildSettings = {
				ALWAYS_EMBED_SWIFT_STANDARD_LIBRARIES = YES;
				CODE_SIGN_STYLE = Automatic;
				INFOPLIST_FILE = TestWebkitWebviewUITests/Info.plist;
				LD_RUNPATH_SEARCH_PATHS = (
					"$(inherited)",
					"@executable_path/Frameworks",
					"@loader_path/Frameworks",
				);
				PRODUCT_BUNDLE_IDENTIFIER = com.ios.TestWebkitWebviewUITests;
				PRODUCT_NAME = "$(TARGET_NAME)";
				SWIFT_VERSION = 5.0;
				TARGETED_DEVICE_FAMILY = "1,2";
				TEST_TARGET_NAME = TestWebkitWebview;
			};
			name = Debug;
		};
		4C23E2B2272588220067150B /* Release */ = {
			isa = XCBuildConfiguration;
			buildSettings = {
				ALWAYS_EMBED_SWIFT_STANDARD_LIBRARIES = YES;
				CODE_SIGN_STYLE = Automatic;
				INFOPLIST_FILE = TestWebkitWebviewUITests/Info.plist;
				LD_RUNPATH_SEARCH_PATHS = (
					"$(inherited)",
					"@executable_path/Frameworks",
					"@loader_path/Frameworks",
				);
				PRODUCT_BUNDLE_IDENTIFIER = com.ios.TestWebkitWebviewUITests;
				PRODUCT_NAME = "$(TARGET_NAME)";
				SWIFT_VERSION = 5.0;
				TARGETED_DEVICE_FAMILY = "1,2";
				TEST_TARGET_NAME = TestWebkitWebview;
			};
			name = Release;
		};
/* End XCBuildConfiguration section */

/* Begin XCConfigurationList section */
		4C23E27B2725881F0067150B /* Build configuration list for PBXProject "TestWebkitWebview" */ = {
			isa = XCConfigurationList;
			buildConfigurations = (
				4C23E2A8272588220067150B /* Debug */,
				4C23E2A9272588220067150B /* Release */,
			);
			defaultConfigurationIsVisible = 0;
			defaultConfigurationName = Release;
		};
		4C23E2AA272588220067150B /* Build configuration list for PBXNativeTarget "TestWebkitWebview" */ = {
			isa = XCConfigurationList;
			buildConfigurations = (
				4C23E2AB272588220067150B /* Debug */,
				4C23E2AC272588220067150B /* Release */,
			);
			defaultConfigurationIsVisible = 0;
			defaultConfigurationName = Release;
		};
		4C23E2AD272588220067150B /* Build configuration list for PBXNativeTarget "TestWebkitWebviewTests" */ = {
			isa = XCConfigurationList;
			buildConfigurations = (
				4C23E2AE272588220067150B /* Debug */,
				4C23E2AF272588220067150B /* Release */,
			);
			defaultConfigurationIsVisible = 0;
			defaultConfigurationName = Release;
		};
		4C23E2B0272588220067150B /* Build configuration list for PBXNativeTarget "TestWebkitWebviewUITests" */ = {
			isa = XCConfigurationList;
			buildConfigurations = (
				4C23E2B1272588220067150B /* Debug */,
				4C23E2B2272588220067150B /* Release */,
			);
			defaultConfigurationIsVisible = 0;
			defaultConfigurationName = Release;
		};
/* End XCConfigurationList section */
	};
	rootObject = 4C23E2782725881F0067150B /* Project object */;
}
